
Microsoft Visual Studio Solution File, Format Version 12.00
# Visual Studio 15
VisualStudioVersion = 15.0.28307.539
MinimumVisualStudioVersion = 10.0.40219.1
Project("{FAE04EC0-301F-11D3-BF4B-00C04F79EFBC}") = "ConsoleApp1", "ConsoleApp1\ConsoleApp1.csproj", "{53AE98D3-D6BC-41B5-8596-D6D6247477E6}"
EndProject
Project("{2150E333-8FDC-42A3-9474-1A3956D46DE8}") = "Thirdparty", "Thirdparty", "{852A8239-5628-4E81-B675-7A5F649B6DFC}"
	ProjectSection(SolutionItems) = preProject
		..\..\Configs\WG.ruleset = ..\..\Configs\WG.ruleset
	EndProjectSection
EndProject
Project("{FAE04EC0-301F-11D3-BF4B-00C04F79EFBC}") = "WindowsFormsApp1", "WindowsFormsApp1\WindowsFormsApp1.csproj", "{0EBDE693-31D3-49B7-832C-9E00BB11AB95}"
EndProject
Project("{FAE04EC0-301F-11D3-BF4B-00C04F79EFBC}") = "AutoFac.Test", "AutoFac.Test\AutoFac.Test.csproj", "{77335C95-4CCC-4D5A-B953-723D93AC795B}"
EndProject
Global
	GlobalSection(SolutionConfigurationPlatforms) = preSolution
		Debug|Any CPU = Debug|Any CPU
		Release|Any CPU = Release|Any CPU
	EndGlobalSection
	GlobalSection(ProjectConfigurationPlatforms) = postSolution
		{53AE98D3-D6BC-41B5-8596-D6D6247477E6}.Debug|Any CPU.ActiveCfg = Debug|Any CPU
		{53AE98D3-D6BC-41B5-8596-D6D6247477E6}.Debug|Any CPU.Build.0 = Debug|Any CPU
		{53AE98D3-D6BC-41B5-8596-D6D6247477E6}.Release|Any CPU.ActiveCfg = Release|Any CPU
		{53AE98D3-D6BC-41B5-8596-D6D6247477E6}.Release|Any CPU.Build.0 = Release|Any CPU
		{0EBDE693-31D3-49B7-832C-9E00BB11AB95}.Debug|Any CPU.ActiveCfg = Debug|Any CPU
		{0EBDE693-31D3-49B7-832C-9E00BB11AB95}.Debug|Any CPU.Build.0 = Debug|Any CPU
		{0EBDE693-31D3-49B7-832C-9E00BB11AB95}.Release|Any CPU.ActiveCfg = Release|Any CPU
		{0EBDE693-31D3-49B7-832C-9E00BB11AB95}.Release|Any CPU.Build.0 = Release|Any CPU
		{77335C95-4CCC-4D5A-B953-723D93AC795B}.Debug|Any CPU.ActiveCfg = Debug|Any CPU
		{77335C95-4CCC-4D5A-B953-723D93AC795B}.Debug|Any CPU.Build.0 = Debug|Any CPU
		{77335C95-4CCC-4D5A-B953-723D93AC795B}.Release|Any CPU.ActiveCfg = Release|Any CPU
		{77335C95-4CCC-4D5A-B953-723D93AC795B}.Release|Any CPU.Build.0 = Release|Any CPU
	EndGlobalSection
	GlobalSection(SolutionProperties) = preSolution
		HideSolutionNode = FALSE
	EndGlobalSection
	GlobalSection(ExtensibilityGlobals) = postSolution
		SolutionGuid = {B87049D4-4BF0-4539-996E-BCF042E2A1DB}
	EndGlobalSection
EndGlobal
